
Microsoft Visual Studio Solution File, Format Version 12.00
# Visual Studio Version 17
VisualStudioVersion = 17.2.32630.192
MinimumVisualStudioVersion = 10.0.40219.1
Project("{FAE04EC0-301F-11D3-BF4B-00C04F79EFBC}") = "RoomBooking", "RoomBooking\RoomBooking.csproj", "{359E9F1C-933A-4DD5-93D7-192ECCDEC7C0}"
EndProject
Global
	GlobalSection(SolutionConfigurationPlatforms) = preSolution
		Debug|Any CPU = Debug|Any CPU
		Release|Any CPU = Release|Any CPU
	EndGlobalSection
	GlobalSection(ProjectConfigurationPlatforms) = postSolution
		{359E9F1C-933A-4DD5-93D7-192ECCDEC7C0}.Debug|Any CPU.ActiveCfg = Debug|Any CPU
		{359E9F1C-933A-4DD5-93D7-192ECCDEC7C0}.Debug|Any CPU.Build.0 = Debug|Any CPU
		{359E9F1C-933A-4DD5-93D7-192ECCDEC7C0}.Release|Any CPU.ActiveCfg = Release|Any CPU
		{359E9F1C-933A-4DD5-93D7-192ECCDEC7C0}.Release|Any CPU.Build.0 = Release|Any CPU
	EndGlobalSection
	GlobalSection(SolutionProperties) = preSolution
		HideSolutionNode = FALSE
	EndGlobalSection
	GlobalSection(ExtensibilityGlobals) = postSolution
		SolutionGuid = {F200B39A-44A3-4E0D-935B-1FAF3F26336D}
	EndGlobalSection
EndGlobal
